
Microsoft Visual Studio Solution File, Format Version 12.00
Project("{FAE04EC0-301F-11D3-BF4B-00C04F79EFBC}") = "ToDoListAppTutorial", "ToDoListAppTutorial.csproj", "{B6730496-D400-4E1B-9907-9B40C447440A}"
EndProject
Global
	GlobalSection(SolutionConfigurationPlatforms) = preSolution
		Debug|Any CPU = Debug|Any CPU
		Release|Any CPU = Release|Any CPU
	EndGlobalSection
	GlobalSection(ProjectConfigurationPlatforms) = postSolution
		{B6730496-D400-4E1B-9907-9B40C447440A}.Debug|Any CPU.ActiveCfg = Debug|Any CPU
		{B6730496-D400-4E1B-9907-9B40C447440A}.Debug|Any CPU.Build.0 = Debug|Any CPU
		{B6730496-D400-4E1B-9907-9B40C447440A}.Release|Any CPU.ActiveCfg = Release|Any CPU
		{B6730496-D400-4E1B-9907-9B40C447440A}.Release|Any CPU.Build.0 = Release|Any CPU
	EndGlobalSection
EndGlobal
